{
  "requires": true,
  "lockfileVersion": 1,
  "dependencies": {
    "cloudinary-jquery-file-upload": {
      "version": "2.3.0",
      "resolved": "https://registry.npmjs.org/cloudinary-jquery-file-upload/-/cloudinary-jquery-file-upload-2.3.0.tgz",
      "integrity": "sha1-CPUAerfRJ2kw49hjh5OsU0ZK4xk="
    }
  }
}
